<?xml version="1.0" encoding="utf-8"?>
<Project ToolsVersion="4.0" xmlns="http://schemas.microsoft.com/developer/msbuild/2003">
  <ItemGroup>
    <Filter Include="Resource Files">
      <UniqueIdentifier>{67DA6AB6-F800-4c08-8B7A-83BB121AAD01}</UniqueIdentifier>
      <Extensions>rc;ico;cur;bmp;dlg;rc2;rct;bin;rgs;gif;jpg;jpeg;jpe;resx;tiff;tif;png;wav;mfcribbon-ms</Extensions>
    </Filter>
    <Filter Include="Shaders">
      <UniqueIdentifier>{ed1e5702-788a-4074-8f3f-582316de4b8a}</UniqueIdentifier>
    </Filter>
    <Filter Include="ThirdParty">
      <UniqueIdentifier>{a912c927-18c4-49ac-b559-e0b00012400b}</UniqueIdentifier>
    </Filter>
  </ItemGroup>
  <ItemGroup>
    <ClInclude Include="Window.h" />
    <ClInclude Include="Renderer.h" />
    <ClInclude Include="D3D11Render.h" />
    <ClInclude Include="InputAssembler.h" />
    <ClInclude Include="VertexTypes.h" />
    <ClInclude Include="Camera.h" />
    <ClInclude Include="ICOMDrawable.h" />
    <ClInclude Include="IComponent.h" />
    <ClInclude Include="Effect.h" />
    <ClInclude Include="DirectXHelpers.h">
      <Filter>ThirdParty</Filter>
    </ClInclude>
    <ClInclude Include="pch.h">
      <Filter>ThirdParty</Filter>
    </ClInclude>
    <ClInclude Include="PlatformHelpers.h">
      <Filter>ThirdParty</Filter>
    </ClInclude>
    <ClInclude Include="DDSTextureLoader.h">
      <Filter>ThirdParty</Filter>
    </ClInclude>
    <ClInclude Include="dds.h">
      <Filter>ThirdParty</Filter>
    </ClInclude>
    <ClInclude Include="CBuffers.h" />
    <ClInclude Include="RenderTarget.h" />
    <ClInclude Include="Light.h" />
    <ClInclude Include="Model.h" />
  </ItemGroup>
  <ItemGroup>
    <ClCompile Include="Window.cpp" />
    <ClCompile Include="Renderer.cpp" />
    <ClCompile Include="D3D11Render.cpp" />
    <ClCompile Include="InputAssembler.cpp" />
    <ClCompile Include="Camera.cpp" />
    <ClCompile Include="Effect.cpp" />
    <ClCompile Include="DDSTextureLoader.cpp">
      <Filter>ThirdParty</Filter>
    </ClCompile>
    <ClCompile Include="RenderTarget.cpp" />
    <ClCompile Include="Model.cpp" />
  </ItemGroup>
  <ItemGroup>
    <FxCompile Include="PixelShader.hlsl">
      <Filter>Shaders</Filter>
    </FxCompile>
    <FxCompile Include="DefVertexShader.hlsl">
      <Filter>Shaders</Filter>
    </FxCompile>
    <FxCompile Include="VertexShader.hlsl">
      <Filter>Shaders</Filter>
    </FxCompile>
    <FxCompile Include="DefPixelShader.hlsl">
      <Filter>Shaders</Filter>
    </FxCompile>
  </ItemGroup>
  <ItemGroup>
    <Text Include="Model.txt" />
  </ItemGroup>
</Project>